
Microsoft Visual Studio Solution File, Format Version 12.00
# Visual Studio Version 17
VisualStudioVersion = 17.14.36511.14 d17.14
MinimumVisualStudioVersion = 10.0.40219.1
Project("{FAE04EC0-301F-11D3-BF4B-00C04F79EFBC}") = "MainApp", "MainApp\MainApp.csproj", "{A0CD975D-06E4-4B5B-BDDE-D97079FE3B4C}"
EndProject
Global
	GlobalSection(SolutionConfigurationPlatforms) = preSolution
		Debug|Any CPU = Debug|Any CPU
		Release|Any CPU = Release|Any CPU
	EndGlobalSection
	GlobalSection(ProjectConfigurationPlatforms) = postSolution
		{A0CD975D-06E4-4B5B-BDDE-D97079FE3B4C}.Debug|Any CPU.ActiveCfg = Debug|Any CPU
		{A0CD975D-06E4-4B5B-BDDE-D97079FE3B4C}.Debug|Any CPU.Build.0 = Debug|Any CPU
		{A0CD975D-06E4-4B5B-BDDE-D97079FE3B4C}.Release|Any CPU.ActiveCfg = Release|Any CPU
		{A0CD975D-06E4-4B5B-BDDE-D97079FE3B4C}.Release|Any CPU.Build.0 = Release|Any CPU
	EndGlobalSection
	GlobalSection(SolutionProperties) = preSolution
		HideSolutionNode = FALSE
	EndGlobalSection
	GlobalSection(ExtensibilityGlobals) = postSolution
		SolutionGuid = {8CBDFC44-E6A5-444E-9C2B-535E6DD683E5}
	EndGlobalSection
EndGlobal
